// !$*UTF8*$!
{
	archiveVersion = 1;
	classes = {
	};
	objectVersion = 50;
	objects = {

/* Begin PBXBuildFile section */
		55D27453249D9BBC0025F6D8 /* AppDelegate.swift in Sources */ = {isa = PBXBuildFile; fileRef = 55D27452249D9BBC0025F6D8 /* AppDelegate.swift */; };
		55D27455249D9BBC0025F6D8 /* SceneDelegate.swift in Sources */ = {isa = PBXBuildFile; fileRef = 55D27454249D9BBC0025F6D8 /* SceneDelegate.swift */; };
		55D27457249D9BBC0025F6D8 /* ViewController.swift in Sources */ = {isa = PBXBuildFile; fileRef = 55D27456249D9BBC0025F6D8 /* ViewController.swift */; };
		55D2745A249D9BBC0025F6D8 /* Main.storyboard in Resources */ = {isa = PBXBuildFile; fileRef = 55D27458249D9BBC0025F6D8 /* Main.storyboard */; };
		55D2745C249D9BBF0025F6D8 /* Assets.xcassets in Resources */ = {isa = PBXBuildFile; fileRef = 55D2745B249D9BBF0025F6D8 /* Assets.xcassets */; };
		55D2745F249D9BBF0025F6D8 /* LaunchScreen.storyboard in Resources */ = {isa = PBXBuildFile; fileRef = 55D2745D249D9BBF0025F6D8 /* LaunchScreen.storyboard */; };
/* End PBXBuildFile section */

/* Begin PBXFileReference section */
		55D2744F249D9BBC0025F6D8 /* ios-third-party-map.app */ = {isa = PBXFileReference; explicitFileType = wrapper.application; includeInIndex = 0; path = "ios-third-party-map.app"; sourceTree = BUILT_PRODUCTS_DIR; };
		55D27452249D9BBC0025F6D8 /* AppDelegate.swift */ = {isa = PBXFileReference; lastKnownFileType = sourcecode.swift; path = AppDelegate.swift; sourceTree = "<group>"; };
		55D27454249D9BBC0025F6D8 /* SceneDelegate.swift */ = {isa = PBXFileReference; lastKnownFileType = sourcecode.swift; path = SceneDelegate.swift; sourceTree = "<group>"; };
		55D27456249D9BBC0025F6D8 /* ViewController.swift */ = {isa = PBXFileReference; lastKnownFileType = sourcecode.swift; path = ViewController.swift; sourceTree = "<group>"; };
		55D27459249D9BBC0025F6D8 /* Base */ = {isa = PBXFileReference; lastKnownFileType = file.storyboard; name = Base; path = Base.lproj/Main.storyboard; sourceTree = "<group>"; };
		55D2745B249D9BBF0025F6D8 /* Assets.xcassets */ = {isa = PBXFileReference; lastKnownFileType = folder.assetcatalog; path = Assets.xcassets; sourceTree = "<group>"; };
		55D2745E249D9BBF0025F6D8 /* Base */ = {isa = PBXFileReference; lastKnownFileType = file.storyboard; name = Base; path = Base.lproj/LaunchScreen.storyboard; sourceTree = "<group>"; };
		55D27460249D9BBF0025F6D8 /* Info.plist */ = {isa = PBXFileReference; lastKnownFileType = text.plist.xml; path = Info.plist; sourceTree = "<group>"; };
/* End PBXFileReference section */

/* Begin PBXFrameworksBuildPhase section */
		55D2744C249D9BBC0025F6D8 /* Frameworks */ = {
			isa = PBXFrameworksBuildPhase;
			buildActionMask = 2147483647;
			files = (
			);
			runOnlyForDeploymentPostprocessing = 0;
		};
/* End PBXFrameworksBuildPhase section */

/* Begin PBXGroup section */
		55D27446249D9BBC0025F6D8 = {
			isa = PBXGroup;
			children = (
				55D27451249D9BBC0025F6D8 /* ios-third-party-map */,
				55D27450249D9BBC0025F6D8 /* Products */,
			);
			sourceTree = "<group>";
		};
		55D27450249D9BBC0025F6D8 /* Products */ = {
			isa = PBXGroup;
			children = (
				55D2744F249D9BBC0025F6D8 /* ios-third-party-map.app */,
			);
			name = Products;
			sourceTree = "<group>";
		};
		55D27451249D9BBC0025F6D8 /* ios-third-party-map */ = {
			isa = PBXGroup;
			children = (
				55D27452249D9BBC0025F6D8 /* AppDelegate.swift */,
				55D27454249D9BBC0025F6D8 /* SceneDelegate.swift */,
				55D27456249D9BBC0025F6D8 /* ViewController.swift */,
				55D27458249D9BBC0025F6D8 /* Main.storyboard */,
				55D2745B249D9BBF0025F6D8 /* Assets.xcassets */,
				55D2745D249D9BBF0025F6D8 /* LaunchScreen.storyboard */,
				55D27460249D9BBF0025F6D8 /* Info.plist */,
			);
			path = "ios-third-party-map";
			sourceTree = "<group>";
		};
/* End PBXGroup section */

/* Begin PBXNativeTarget section */
		55D2744E249D9BBC0025F6D8 /* ios-third-party-map */ = {
			isa = PBXNativeTarget;
			buildConfigurationList = 55D27463249D9BBF0025F6D8 /* Build configuration list for PBXNativeTarget "ios-third-party-map" */;
			buildPhases = (
				55D2744B249D9BBC0025F6D8 /* Sources */,
				55D2744C249D9BBC0025F6D8 /* Frameworks */,
				55D2744D249D9BBC0025F6D8 /* Resources */,
			);
			buildRules = (
			);
			dependencies = (
			);
			name = "ios-third-party-map";
			productName = "ios-third-party-map";
			productReference = 55D2744F249D9BBC0025F6D8 /* ios-third-party-map.app */;
			productType = "com.apple.product-type.application";
		};
/* End PBXNativeTarget section */

/* Begin PBXProject section */
		55D27447249D9BBC0025F6D8 /* Project object */ = {
			isa = PBXProject;
			attributes = {
				LastSwiftUpdateCheck = 1140;
				LastUpgradeCheck = 1140;
				ORGANIZATIONNAME = "Sammi Yoeun";
				TargetAttributes = {
					55D2744E249D9BBC0025F6D8 = {
						CreatedOnToolsVersion = 11.4.1;
					};
				};
			};
			buildConfigurationList = 55D2744A249D9BBC0025F6D8 /* Build configuration list for PBXProject "ios-third-party-map" */;
			compatibilityVersion = "Xcode 9.3";
			developmentRegion = en;
			hasScannedForEncodings = 0;
			knownRegions = (
				en,
				Base,
			);
			mainGroup = 55D27446249D9BBC0025F6D8;
			productRefGroup = 55D27450249D9BBC0025F6D8 /* Products */;
			projectDirPath = "";
			projectRoot = "";
			targets = (
				55D2744E249D9BBC0025F6D8 /* ios-third-party-map */,
			);
		};
/* End PBXProject section */

/* Begin PBXResourcesBuildPhase section */
		55D2744D249D9BBC0025F6D8 /* Resources */ = {
			isa = PBXResourcesBuildPhase;
			buildActionMask = 2147483647;
			files = (
				55D2745F249D9BBF0025F6D8 /* LaunchScreen.storyboard in Resources */,
				55D2745C249D9BBF0025F6D8 /* Assets.xcassets in Resources */,
				55D2745A249D9BBC0025F6D8 /* Main.storyboard in Resources */,
			);
			runOnlyForDeploymentPostprocessing = 0;
		};
/* End PBXResourcesBuildPhase section */

/* Begin PBXSourcesBuildPhase section */
		55D2744B249D9BBC0025F6D8 /* Sources */ = {
			isa = PBXSourcesBuildPhase;
			buildActionMask = 2147483647;
			files = (
				55D27457249D9BBC0025F6D8 /* ViewController.swift in Sources */,
				55D27453249D9BBC0025F6D8 /* AppDelegate.swift in Sources */,
				55D27455249D9BBC0025F6D8 /* SceneDelegate.swift in Sources */,
			);
			runOnlyForDeploymentPostprocessing = 0;
		};
/* End PBXSourcesBuildPhase section */

/* Begin PBXVariantGroup section */
		55D27458249D9BBC0025F6D8 /* Main.storyboard */ = {
			isa = PBXVariantGroup;
			children = (
				55D27459249D9BBC0025F6D8 /* Base */,
			);
			name = Main.storyboard;
			sourceTree = "<group>";
		};
		55D2745D249D9BBF0025F6D8 /* LaunchScreen.storyboard */ = {
			isa = PBXVariantGroup;
			children = (
				55D2745E249D9BBF0025F6D8 /* Base */,
			);
			name = LaunchScreen.storyboard;
			sourceTree = "<group>";
		};
/* End PBXVariantGroup section */

/* Begin XCBuildConfiguration section */
		55D27461249D9BBF0025F6D8 /* Debug */ = {
			isa = XCBuildConfiguration;
			buildSettings = {
				ALWAYS_SEARCH_USER_PATHS = NO;
				CLANG_ANALYZER_NONNULL = YES;
				CLANG_ANALYZER_NUMBER_OBJECT_CONVERSION = YES_AGGRESSIVE;
				CLANG_CXX_LANGUAGE_STANDARD = "gnu++14";
				CLANG_CXX_LIBRARY = "libc++";
				CLANG_ENABLE_MODULES = YES;
				CLANG_ENABLE_OBJC_ARC = YES;
				CLANG_ENABLE_OBJC_WEAK = YES;
				CLANG_WARN_BLOCK_CAPTURE_AUTORELEASING = YES;
				CLANG_WARN_BOOL_CONVERSION = YES;
				CLANG_WARN_COMMA = YES;
				CLANG_WARN_CONSTANT_CONVERSION = YES;
				CLANG_WARN_DEPRECATED_OBJC_IMPLEMENTATIONS = YES;
				CLANG_WARN_DIRECT_OBJC_ISA_USAGE = YES_ERROR;
				CLANG_WARN_DOCUMENTATION_COMMENTS = YES;
				CLANG_WARN_EMPTY_BODY = YES;
				CLANG_WARN_ENUM_CONVERSION = YES;
				CLANG_WARN_INFINITE_RECURSION = YES;
				CLANG_WARN_INT_CONVERSION = YES;
				CLANG_WARN_NON_LITERAL_NULL_CONVERSION = YES;
				CLANG_WARN_OBJC_IMPLICIT_RETAIN_SELF = YES;
				CLANG_WARN_OBJC_LITERAL_CONVERSION = YES;
				CLANG_WARN_OBJC_ROOT_CLASS = YES_ERROR;
				CLANG_WARN_RANGE_LOOP_ANALYSIS = YES;
				CLANG_WARN_STRICT_PROTOTYPES = YES;
				CLANG_WARN_SUSPICIOUS_MOVE = YES;
				CLANG_WARN_UNGUARDED_AVAILABILITY = YES_AGGRESSIVE;
				CLANG_WARN_UNREACHABLE_CODE = YES;
				CLANG_WARN__DUPLICATE_METHOD_MATCH = YES;
				COPY_PHASE_STRIP = NO;
				DEBUG_INFORMATION_FORMAT = dwarf;
				ENABLE_STRICT_OBJC_MSGSEND = YES;
				ENABLE_TESTABILITY = YES;
				GCC_C_LANGUAGE_STANDARD = gnu11;
				GCC_DYNAMIC_NO_PIC = NO;
				GCC_NO_COMMON_BLOCKS = YES;
				GCC_OPTIMIZATION_LEVEL = 0;
				GCC_PREPROCESSOR_DEFINITIONS = (
					"DEBUG=1",
					"$(inherited)",
				);
				GCC_WARN_64_TO_32_BIT_CONVERSION = YES;
				GCC_WARN_ABOUT_RETURN_TYPE = YES_ERROR;
				GCC_WARN_UNDECLARED_SELECTOR = YES;
				GCC_WARN_UNINITIALIZED_AUTOS = YES_AGGRESSIVE;
				GCC_WARN_UNUSED_FUNCTION = YES;
				GCC_WARN_UNUSED_VARIABLE = YES;
				IPHONEOS_DEPLOYMENT_TARGET = 13.4;
				MTL_ENABLE_DEBUG_INFO = INCLUDE_SOURCE;
				MTL_FAST_MATH = YES;
				ONLY_ACTIVE_ARCH = YES;
				SDKROOT = iphoneos;
				SWIFT_ACTIVE_COMPILATION_CONDITIONS = DEBUG;
				SWIFT_OPTIMIZATION_LEVEL = "-Onone";
			};
			name = Debug;
		};
		55D27462249D9BBF0025F6D8 /* Release */ = {
			isa = XCBuildConfiguration;
			buildSettings = {
				ALWAYS_SEARCH_USER_PATHS = NO;
				CLANG_ANALYZER_NONNULL = YES;
				CLANG_ANALYZER_NUMBER_OBJECT_CONVERSION = YES_AGGRESSIVE;
				CLANG_CXX_LANGUAGE_STANDARD = "gnu++14";
				CLANG_CXX_LIBRARY = "libc++";
				CLANG_ENABLE_MODULES = YES;
				CLANG_ENABLE_OBJC_ARC = YES;
				CLANG_ENABLE_OBJC_WEAK = YES;
				CLANG_WARN_BLOCK_CAPTURE_AUTORELEASING = YES;
				CLANG_WARN_BOOL_CONVERSION = YES;
				CLANG_WARN_COMMA = YES;
				CLANG_WARN_CONSTANT_CONVERSION = YES;
				CLANG_WARN_DEPRECATED_OBJC_IMPLEMENTATIONS = YES;
				CLANG_WARN_DIRECT_OBJC_ISA_USAGE = YES_ERROR;
				CLANG_WARN_DOCUMENTATION_COMMENTS = YES;
				CLANG_WARN_EMPTY_BODY = YES;
				CLANG_WARN_ENUM_CONVERSION = YES;
				CLANG_WARN_INFINITE_RECURSION = YES;
				CLANG_WARN_INT_CONVERSION = YES;
				CLANG_WARN_NON_LITERAL_NULL_CONVERSION = YES;
				CLANG_WARN_OBJC_IMPLICIT_RETAIN_SELF = YES;
				CLANG_WARN_OBJC_LITERAL_CONVERSION = YES;
				CLANG_WARN_OBJC_ROOT_CLASS = YES_ERROR;
				CLANG_WARN_RANGE_LOOP_ANALYSIS = YES;
				CLANG_WARN_STRICT_PROTOTYPES = YES;
				CLANG_WARN_SUSPICIOUS_MOVE = YES;
				CLANG_WARN_UNGUARDED_AVAILABILITY = YES_AGGRESSIVE;
				CLANG_WARN_UNREACHABLE_CODE = YES;
				CLANG_WARN__DUPLICATE_METHOD_MATCH = YES;
				COPY_PHASE_STRIP = NO;
				DEBUG_INFORMATION_FORMAT = "dwarf-with-dsym";
				ENABLE_NS_ASSERTIONS = NO;
				ENABLE_STRICT_OBJC_MSGSEND = YES;
				GCC_C_LANGUAGE_STANDARD = gnu11;
				GCC_NO_COMMON_BLOCKS = YES;
				GCC_WARN_64_TO_32_BIT_CONVERSION = YES;
				GCC_WARN_ABOUT_RETURN_TYPE = YES_ERROR;
				GCC_WARN_UNDECLARED_SELECTOR = YES;
				GCC_WARN_UNINITIALIZED_AUTOS = YES_AGGRESSIVE;
				GCC_WARN_UNUSED_FUNCTION = YES;
				GCC_WARN_UNUSED_VARIABLE = YES;
				IPHONEOS_DEPLOYMENT_TARGET = 13.4;
				MTL_ENABLE_DEBUG_INFO = NO;
				MTL_FAST_MATH = YES;
				SDKROOT = iphoneos;
				SWIFT_COMPILATION_MODE = wholemodule;
				SWIFT_OPTIMIZATION_LEVEL = "-O";
				VALIDATE_PRODUCT = YES;
			};
			name = Release;
		};
		55D27464249D9BBF0025F6D8 /* Debug */ = {
			isa = XCBuildConfiguration;
			buildSettings = {
				ASSETCATALOG_COMPILER_APPICON_NAME = AppIcon;
				CODE_SIGN_STYLE = Automatic;
				DEVELOPMENT_TEAM = SC586JD78G;
				INFOPLIST_FILE = "ios-third-party-map/Info.plist";
				LD_RUNPATH_SEARCH_PATHS = (
					"$(inherited)",
					"@executable_path/Frameworks",
				);
				PRODUCT_BUNDLE_IDENTIFIER = "sammi-yoeun.ios-third-party-map";
				PRODUCT_NAME = "$(TARGET_NAME)";
				SWIFT_VERSION = 5.0;
				TARGETED_DEVICE_FAMILY = "1,2";
			};
			name = Debug;
		};
		55D27465249D9BBF0025F6D8 /* Release */ = {
			isa = XCBuildConfiguration;
			buildSettings = {
				ASSETCATALOG_COMPILER_APPICON_NAME = AppIcon;
				CODE_SIGN_STYLE = Automatic;
				DEVELOPMENT_TEAM = SC586JD78G;
				INFOPLIST_FILE = "ios-third-party-map/Info.plist";
				LD_RUNPATH_SEARCH_PATHS = (
					"$(inherited)",
					"@executable_path/Frameworks",
				);
				PRODUCT_BUNDLE_IDENTIFIER = "sammi-yoeun.ios-third-party-map";
				PRODUCT_NAME = "$(TARGET_NAME)";
				SWIFT_VERSION = 5.0;
				TARGETED_DEVICE_FAMILY = "1,2";
			};
			name = Release;
		};
/* End XCBuildConfiguration section */

/* Begin XCConfigurationList section */
		55D2744A249D9BBC0025F6D8 /* Build configuration list for PBXProject "ios-third-party-map" */ = {
			isa = XCConfigurationList;
			buildConfigurations = (
				55D27461249D9BBF0025F6D8 /* Debug */,
				55D27462249D9BBF0025F6D8 /* Release */,
			);
			defaultConfigurationIsVisible = 0;
			defaultConfigurationName = Release;
		};
		55D27463249D9BBF0025F6D8 /* Build configuration list for PBXNativeTarget "ios-third-party-map" */ = {
			isa = XCConfigurationList;
			buildConfigurations = (
				55D27464249D9BBF0025F6D8 /* Debug */,
				55D27465249D9BBF0025F6D8 /* Release */,
			);
			defaultConfigurationIsVisible = 0;
			defaultConfigurationName = Release;
		};
/* End XCConfigurationList section */
	};
	rootObject = 55D27447249D9BBC0025F6D8 /* Project object */;
}
